// !$*UTF8*$!
{
	archiveVersion = 1;
	classes = {
	};
	objectVersion = 55;
	objects = {

/* Begin PBXBuildFile section */
		A85C49F728BE5F7300764873 /* PersonalPageVC.swift in Sources */ = {isa = PBXBuildFile; fileRef = A85C49F628BE5F7300764873 /* PersonalPageVC.swift */; };
		A85C49F928BE5FDE00764873 /* PersonalPageController.swift in Sources */ = {isa = PBXBuildFile; fileRef = A85C49F828BE5FDE00764873 /* PersonalPageController.swift */; };
		A85C49FB28BE603700764873 /* UpdatePersonalPageVC.swift in Sources */ = {isa = PBXBuildFile; fileRef = A85C49FA28BE603700764873 /* UpdatePersonalPageVC.swift */; };
		A85C49FD28BE60D900764873 /* UpdatePersonalPageController.swift in Sources */ = {isa = PBXBuildFile; fileRef = A85C49FC28BE60D900764873 /* UpdatePersonalPageController.swift */; };
		A87D7D2528BBC71E001DA0AD /* AppDelegate.swift in Sources */ = {isa = PBXBuildFile; fileRef = A87D7D2428BBC71E001DA0AD /* AppDelegate.swift */; };
		A87D7D2728BBC71E001DA0AD /* SceneDelegate.swift in Sources */ = {isa = PBXBuildFile; fileRef = A87D7D2628BBC71E001DA0AD /* SceneDelegate.swift */; };
		A87D7D2928BBC71E001DA0AD /* ViewController.swift in Sources */ = {isa = PBXBuildFile; fileRef = A87D7D2828BBC71E001DA0AD /* ViewController.swift */; };
		A87D7D2C28BBC71E001DA0AD /* Main.storyboard in Resources */ = {isa = PBXBuildFile; fileRef = A87D7D2A28BBC71E001DA0AD /* Main.storyboard */; };
		A87D7D2F28BBC71E001DA0AD /* QuranCompetitions.xcdatamodeld in Sources */ = {isa = PBXBuildFile; fileRef = A87D7D2D28BBC71E001DA0AD /* QuranCompetitions.xcdatamodeld */; };
		A87D7D3128BBC71E001DA0AD /* Assets.xcassets in Resources */ = {isa = PBXBuildFile; fileRef = A87D7D3028BBC71E001DA0AD /* Assets.xcassets */; };
		A87D7D3428BBC71E001DA0AD /* LaunchScreen.storyboard in Resources */ = {isa = PBXBuildFile; fileRef = A87D7D3228BBC71E001DA0AD /* LaunchScreen.storyboard */; };
		A87D7D4628BBD017001DA0AD /* Auth.storyboard in Resources */ = {isa = PBXBuildFile; fileRef = A87D7D4528BBD017001DA0AD /* Auth.storyboard */; };
		A87D7D4C28BBD06D001DA0AD /* RegisterController.swift in Sources */ = {isa = PBXBuildFile; fileRef = A87D7D4B28BBD06D001DA0AD /* RegisterController.swift */; };
		A87D7D4E28BBD092001DA0AD /* RegisterVC.swift in Sources */ = {isa = PBXBuildFile; fileRef = A87D7D4D28BBD092001DA0AD /* RegisterVC.swift */; };
		A87D7D5028BBD2C0001DA0AD /* Config.swift in Sources */ = {isa = PBXBuildFile; fileRef = A87D7D4F28BBD2C0001DA0AD /* Config.swift */; };
		A87D7D5328BBE911001DA0AD /* UIView.swift in Sources */ = {isa = PBXBuildFile; fileRef = A87D7D5228BBE911001DA0AD /* UIView.swift */; };
		A87D7D5528BBE92B001DA0AD /* UIImgView.swift in Sources */ = {isa = PBXBuildFile; fileRef = A87D7D5428BBE92B001DA0AD /* UIImgView.swift */; };
		A87D7D5728BBE954001DA0AD /* UIViewController.swift in Sources */ = {isa = PBXBuildFile; fileRef = A87D7D5628BBE954001DA0AD /* UIViewController.swift */; };
		A87D7D5D28BBE9D3001DA0AD /* LoginController.swift in Sources */ = {isa = PBXBuildFile; fileRef = A87D7D5C28BBE9D3001DA0AD /* LoginController.swift */; };
		A87D7D5F28BBE9EB001DA0AD /* LoginVC.swift in Sources */ = {isa = PBXBuildFile; fileRef = A87D7D5E28BBE9EB001DA0AD /* LoginVC.swift */; };
		A87D7D6228BBEE2F001DA0AD /* BackgroundView.xib in Resources */ = {isa = PBXBuildFile; fileRef = A87D7D6128BBEE2F001DA0AD /* BackgroundView.xib */; };
		A87D7D6828BBF006001DA0AD /* BackgroundView.swift in Sources */ = {isa = PBXBuildFile; fileRef = A87D7D6728BBF006001DA0AD /* BackgroundView.swift */; };
		A87D7D6D28BC4E3F001DA0AD /* UpdatePassController.swift in Sources */ = {isa = PBXBuildFile; fileRef = A87D7D6C28BC4E3F001DA0AD /* UpdatePassController.swift */; };
		A87D7D6F28BC4E61001DA0AD /* UpdatePassVC.swift in Sources */ = {isa = PBXBuildFile; fileRef = A87D7D6E28BC4E61001DA0AD /* UpdatePassVC.swift */; };
		A87D7D7128BC53EC001DA0AD /* Home.storyboard in Resources */ = {isa = PBXBuildFile; fileRef = A87D7D7028BC53EC001DA0AD /* Home.storyboard */; };
		A87D7D7628BC543D001DA0AD /* HomeController.swift in Sources */ = {isa = PBXBuildFile; fileRef = A87D7D7528BC543D001DA0AD /* HomeController.swift */; };
		A87D7D7828BC5454001DA0AD /* HomeVC.swift in Sources */ = {isa = PBXBuildFile; fileRef = A87D7D7728BC5454001DA0AD /* HomeVC.swift */; };
		C5526F6FA234E5B1A7DB6239 /* Pods_QuranCompetitions.framework in Frameworks */ = {isa = PBXBuildFile; fileRef = DC5CDF9F62005DDEF7CD53DF /* Pods_QuranCompetitions.framework */; };
/* End PBXBuildFile section */

/* Begin PBXFileReference section */
		A85C49F628BE5F7300764873 /* PersonalPageVC.swift */ = {isa = PBXFileReference; lastKnownFileType = sourcecode.swift; path = PersonalPageVC.swift; sourceTree = "<group>"; };
		A85C49F828BE5FDE00764873 /* PersonalPageController.swift */ = {isa = PBXFileReference; lastKnownFileType = sourcecode.swift; path = PersonalPageController.swift; sourceTree = "<group>"; };
		A85C49FA28BE603700764873 /* UpdatePersonalPageVC.swift */ = {isa = PBXFileReference; lastKnownFileType = sourcecode.swift; path = UpdatePersonalPageVC.swift; sourceTree = "<group>"; };
		A85C49FC28BE60D900764873 /* UpdatePersonalPageController.swift */ = {isa = PBXFileReference; lastKnownFileType = sourcecode.swift; path = UpdatePersonalPageController.swift; sourceTree = "<group>"; };
		A87D7D2128BBC71E001DA0AD /* QuranCompetitions.app */ = {isa = PBXFileReference; explicitFileType = wrapper.application; includeInIndex = 0; path = QuranCompetitions.app; sourceTree = BUILT_PRODUCTS_DIR; };
		A87D7D2428BBC71E001DA0AD /* AppDelegate.swift */ = {isa = PBXFileReference; lastKnownFileType = sourcecode.swift; path = AppDelegate.swift; sourceTree = "<group>"; };
		A87D7D2628BBC71E001DA0AD /* SceneDelegate.swift */ = {isa = PBXFileReference; lastKnownFileType = sourcecode.swift; path = SceneDelegate.swift; sourceTree = "<group>"; };
		A87D7D2828BBC71E001DA0AD /* ViewController.swift */ = {isa = PBXFileReference; lastKnownFileType = sourcecode.swift; path = ViewController.swift; sourceTree = "<group>"; };
		A87D7D2B28BBC71E001DA0AD /* Base */ = {isa = PBXFileReference; lastKnownFileType = file.storyboard; name = Base; path = Base.lproj/Main.storyboard; sourceTree = "<group>"; };
		A87D7D2E28BBC71E001DA0AD /* QuranCompetitions.xcdatamodel */ = {isa = PBXFileReference; lastKnownFileType = wrapper.xcdatamodel; path = QuranCompetitions.xcdatamodel; sourceTree = "<group>"; };
		A87D7D3028BBC71E001DA0AD /* Assets.xcassets */ = {isa = PBXFileReference; lastKnownFileType = folder.assetcatalog; path = Assets.xcassets; sourceTree = "<group>"; };
		A87D7D3328BBC71E001DA0AD /* Base */ = {isa = PBXFileReference; lastKnownFileType = file.storyboard; name = Base; path = Base.lproj/LaunchScreen.storyboard; sourceTree = "<group>"; };
		A87D7D3528BBC71E001DA0AD /* Info.plist */ = {isa = PBXFileReference; lastKnownFileType = text.plist.xml; path = Info.plist; sourceTree = "<group>"; };
		A87D7D4528BBD017001DA0AD /* Auth.storyboard */ = {isa = PBXFileReference; lastKnownFileType = file.storyboard; path = Auth.storyboard; sourceTree = "<group>"; };
		A87D7D4B28BBD06D001DA0AD /* RegisterController.swift */ = {isa = PBXFileReference; lastKnownFileType = sourcecode.swift; path = RegisterController.swift; sourceTree = "<group>"; };
		A87D7D4D28BBD092001DA0AD /* RegisterVC.swift */ = {isa = PBXFileReference; lastKnownFileType = sourcecode.swift; path = RegisterVC.swift; sourceTree = "<group>"; };
		A87D7D4F28BBD2C0001DA0AD /* Config.swift */ = {isa = PBXFileReference; lastKnownFileType = sourcecode.swift; path = Config.swift; sourceTree = "<group>"; };
		A87D7D5228BBE911001DA0AD /* UIView.swift */ = {isa = PBXFileReference; lastKnownFileType = sourcecode.swift; path = UIView.swift; sourceTree = "<group>"; };
		A87D7D5428BBE92B001DA0AD /* UIImgView.swift */ = {isa = PBXFileReference; lastKnownFileType = sourcecode.swift; path = UIImgView.swift; sourceTree = "<group>"; };
		A87D7D5628BBE954001DA0AD /* UIViewController.swift */ = {isa = PBXFileReference; lastKnownFileType = sourcecode.swift; path = UIViewController.swift; sourceTree = "<group>"; };
		A87D7D5C28BBE9D3001DA0AD /* LoginController.swift */ = {isa = PBXFileReference; lastKnownFileType = sourcecode.swift; path = LoginController.swift; sourceTree = "<group>"; };
		A87D7D5E28BBE9EB001DA0AD /* LoginVC.swift */ = {isa = PBXFileReference; lastKnownFileType = sourcecode.swift; path = LoginVC.swift; sourceTree = "<group>"; };
		A87D7D6128BBEE2F001DA0AD /* BackgroundView.xib */ = {isa = PBXFileReference; lastKnownFileType = file.xib; path = BackgroundView.xib; sourceTree = "<group>"; };
		A87D7D6728BBF006001DA0AD /* BackgroundView.swift */ = {isa = PBXFileReference; lastKnownFileType = sourcecode.swift; path = BackgroundView.swift; sourceTree = "<group>"; };
		A87D7D6C28BC4E3F001DA0AD /* UpdatePassController.swift */ = {isa = PBXFileReference; lastKnownFileType = sourcecode.swift; path = UpdatePassController.swift; sourceTree = "<group>"; };
		A87D7D6E28BC4E61001DA0AD /* UpdatePassVC.swift */ = {isa = PBXFileReference; lastKnownFileType = sourcecode.swift; path = UpdatePassVC.swift; sourceTree = "<group>"; };
		A87D7D7028BC53EC001DA0AD /* Home.storyboard */ = {isa = PBXFileReference; lastKnownFileType = file.storyboard; path = Home.storyboard; sourceTree = "<group>"; };
		A87D7D7528BC543D001DA0AD /* HomeController.swift */ = {isa = PBXFileReference; lastKnownFileType = sourcecode.swift; path = HomeController.swift; sourceTree = "<group>"; };
		A87D7D7728BC5454001DA0AD /* HomeVC.swift */ = {isa = PBXFileReference; lastKnownFileType = sourcecode.swift; path = HomeVC.swift; sourceTree = "<group>"; };
		C7F4EF084663FC4A09089091 /* Pods-QuranCompetitions.debug.xcconfig */ = {isa = PBXFileReference; includeInIndex = 1; lastKnownFileType = text.xcconfig; name = "Pods-QuranCompetitions.debug.xcconfig"; path = "Target Support Files/Pods-QuranCompetitions/Pods-QuranCompetitions.debug.xcconfig"; sourceTree = "<group>"; };
		DC5CDF9F62005DDEF7CD53DF /* Pods_QuranCompetitions.framework */ = {isa = PBXFileReference; explicitFileType = wrapper.framework; includeInIndex = 0; path = Pods_QuranCompetitions.framework; sourceTree = BUILT_PRODUCTS_DIR; };
		F01AE73307818C93CDEECC5B /* Pods-QuranCompetitions.release.xcconfig */ = {isa = PBXFileReference; includeInIndex = 1; lastKnownFileType = text.xcconfig; name = "Pods-QuranCompetitions.release.xcconfig"; path = "Target Support Files/Pods-QuranCompetitions/Pods-QuranCompetitions.release.xcconfig"; sourceTree = "<group>"; };
/* End PBXFileReference section */

/* Begin PBXFrameworksBuildPhase section */
		A87D7D1E28BBC71E001DA0AD /* Frameworks */ = {
			isa = PBXFrameworksBuildPhase;
			buildActionMask = 2147483647;
			files = (
				C5526F6FA234E5B1A7DB6239 /* Pods_QuranCompetitions.framework in Frameworks */,
			);
			runOnlyForDeploymentPostprocessing = 0;
		};
/* End PBXFrameworksBuildPhase section */

/* Begin PBXGroup section */
		A85C49EF28BE5EEC00764873 /* Home */ = {
			isa = PBXGroup;
			children = (
				A87D7D7428BC5429001DA0AD /* View */,
				A87D7D7328BC5422001DA0AD /* Controller */,
			);
			name = Home;
			path = "آخوث";
			sourceTree = "<group>";
		};
		A85C49F028BE5F0100764873 /* Personal Page */ = {
			isa = PBXGroup;
			children = (
				A85C49F228BE5F3B00764873 /* View */,
				A85C49F128BE5F0E00764873 /* Controller */,
			);
			path = "Personal Page";
			sourceTree = "<group>";
		};
		A85C49F128BE5F0E00764873 /* Controller */ = {
			isa = PBXGroup;
			children = (
				A85C49F828BE5FDE00764873 /* PersonalPageController.swift */,
			);
			path = Controller;
			sourceTree = "<group>";
		};
		A85C49F228BE5F3B00764873 /* View */ = {
			isa = PBXGroup;
			children = (
				A85C49F628BE5F7300764873 /* PersonalPageVC.swift */,
			);
			path = View;
			sourceTree = "<group>";
		};
		A85C49F328BE5F4500764873 /* Update Personal Page */ = {
			isa = PBXGroup;
			children = (
				A85C49F528BE5F5A00764873 /* View */,
				A85C49F428BE5F5300764873 /* Controller */,
			);
			path = "Update Personal Page";
			sourceTree = "<group>";
		};
		A85C49F428BE5F5300764873 /* Controller */ = {
			isa = PBXGroup;
			children = (
				A85C49FC28BE60D900764873 /* UpdatePersonalPageController.swift */,
			);
			path = Controller;
			sourceTree = "<group>";
		};
		A85C49F528BE5F5A00764873 /* View */ = {
			isa = PBXGroup;
			children = (
				A85C49FA28BE603700764873 /* UpdatePersonalPageVC.swift */,
			);
			path = View;
			sourceTree = "<group>";
		};
		A87D7D1828BBC71E001DA0AD = {
			isa = PBXGroup;
			children = (
				A87D7D2328BBC71E001DA0AD /* QuranCompetitions */,
				A87D7D2228BBC71E001DA0AD /* Products */,
				CCB013FCBEF1F5160E9E89A6 /* Pods */,
				E6F976C4FB9A5CEA716A5F00 /* Frameworks */,
			);
			sourceTree = "<group>";
		};
		A87D7D2228BBC71E001DA0AD /* Products */ = {
			isa = PBXGroup;
			children = (
				A87D7D2128BBC71E001DA0AD /* QuranCompetitions.app */,
			);
			name = Products;
			sourceTree = "<group>";
		};
		A87D7D2328BBC71E001DA0AD /* QuranCompetitions */ = {
			isa = PBXGroup;
			children = (
				A87D7D2428BBC71E001DA0AD /* AppDelegate.swift */,
				A87D7D2628BBC71E001DA0AD /* SceneDelegate.swift */,
				A87D7D5128BBE8E1001DA0AD /* Exstensions */,
				A87D7D3F28BBC7D0001DA0AD /* Config */,
				A87D7D3E28BBC7C2001DA0AD /* Helper */,
				A87D7D4028BBC7D7001DA0AD /* APIs */,
				A87D7D4428BBCA7F001DA0AD /* Model */,
				A87D7D3D28BBC789001DA0AD /* Scenes */,
				A87D7D3B28BBC76A001DA0AD /* StoryBoards */,
				A87D7D2828BBC71E001DA0AD /* ViewController.swift */,
				A87D7D3028BBC71E001DA0AD /* Assets.xcassets */,
				A87D7D3528BBC71E001DA0AD /* Info.plist */,
				A87D7D2D28BBC71E001DA0AD /* QuranCompetitions.xcdatamodeld */,
			);
			path = QuranCompetitions;
			sourceTree = "<group>";
		};
		A87D7D3B28BBC76A001DA0AD /* StoryBoards */ = {
			isa = PBXGroup;
			children = (
				A87D7D2A28BBC71E001DA0AD /* Main.storyboard */,
				A87D7D4528BBD017001DA0AD /* Auth.storyboard */,
				A87D7D7028BC53EC001DA0AD /* Home.storyboard */,
				A87D7D4128BBC7F6001DA0AD /* NibFiles */,
				A87D7D3C28BBC77A001DA0AD /* launch */,
			);
			path = StoryBoards;
			sourceTree = "<group>";
		};
		A87D7D3C28BBC77A001DA0AD /* launch */ = {
			isa = PBXGroup;
			children = (
				A87D7D3228BBC71E001DA0AD /* LaunchScreen.storyboard */,
			);
			path = launch;
			sourceTree = "<group>";
		};
		A87D7D3D28BBC789001DA0AD /* Scenes */ = {
			isa = PBXGroup;
			children = (
				A87D7D4728BBD040001DA0AD /* Auth */,
				A87D7D7228BC5404001DA0AD /* Home */,
			);
			path = Scenes;
			sourceTree = "<group>";
		};
		A87D7D3E28BBC7C2001DA0AD /* Helper */ = {
			isa = PBXGroup;
			children = (
			);
			path = Helper;
			sourceTree = "<group>";
		};
		A87D7D3F28BBC7D0001DA0AD /* Config */ = {
			isa = PBXGroup;
			children = (
				A87D7D4F28BBD2C0001DA0AD /* Config.swift */,
			);
			path = Config;
			sourceTree = "<group>";
		};
		A87D7D4028BBC7D7001DA0AD /* APIs */ = {
			isa = PBXGroup;
			children = (
			);
			path = APIs;
			sourceTree = "<group>";
		};
		A87D7D4128BBC7F6001DA0AD /* NibFiles */ = {
			isa = PBXGroup;
			children = (
				A87D7D6028BBED7A001DA0AD /* DefaultCells */,
				A87D7D4228BBC805001DA0AD /* TableCells */,
				A87D7D4328BBC81B001DA0AD /* CollectionCells */,
			);
			path = NibFiles;
			sourceTree = "<group>";
		};
		A87D7D4228BBC805001DA0AD /* TableCells */ = {
			isa = PBXGroup;
			children = (
			);
			path = TableCells;
			sourceTree = "<group>";
		};
		A87D7D4328BBC81B001DA0AD /* CollectionCells */ = {
			isa = PBXGroup;
			children = (
			);
			path = CollectionCells;
			sourceTree = "<group>";
		};
		A87D7D4428BBCA7F001DA0AD /* Model */ = {
			isa = PBXGroup;
			children = (
			);
			path = Model;
			sourceTree = "<group>";
		};
		A87D7D4728BBD040001DA0AD /* Auth */ = {
			isa = PBXGroup;
			children = (
				A87D7D6928BC4E12001DA0AD /* UpdatePass */,
				A87D7D5828BBE9B3001DA0AD /* Login */,
				A87D7D4828BBD046001DA0AD /* Register */,
			);
			path = Auth;
			sourceTree = "<group>";
		};
		A87D7D4828BBD046001DA0AD /* Register */ = {
			isa = PBXGroup;
			children = (
				A87D7D4A28BBD05A001DA0AD /* View */,
				A87D7D4928BBD050001DA0AD /* Controller */,
			);
			path = Register;
			sourceTree = "<group>";
		};
		A87D7D4928BBD050001DA0AD /* Controller */ = {
			isa = PBXGroup;
			children = (
				A87D7D4B28BBD06D001DA0AD /* RegisterController.swift */,
			);
			path = Controller;
			sourceTree = "<group>";
		};
		A87D7D4A28BBD05A001DA0AD /* View */ = {
			isa = PBXGroup;
			children = (
				A87D7D4D28BBD092001DA0AD /* RegisterVC.swift */,
			);
			path = View;
			sourceTree = "<group>";
		};
		A87D7D5128BBE8E1001DA0AD /* Exstensions */ = {
			isa = PBXGroup;
			children = (
				A87D7D5228BBE911001DA0AD /* UIView.swift */,
				A87D7D5428BBE92B001DA0AD /* UIImgView.swift */,
				A87D7D5628BBE954001DA0AD /* UIViewController.swift */,
			);
			path = Exstensions;
			sourceTree = "<group>";
		};
		A87D7D5828BBE9B3001DA0AD /* Login */ = {
			isa = PBXGroup;
			children = (
				A87D7D5A28BBE9BF001DA0AD /* View */,
				A87D7D5928BBE9B9001DA0AD /* Controller */,
			);
			path = Login;
			sourceTree = "<group>";
		};
		A87D7D5928BBE9B9001DA0AD /* Controller */ = {
			isa = PBXGroup;
			children = (
				A87D7D5C28BBE9D3001DA0AD /* LoginController.swift */,
			);
			path = Controller;
			sourceTree = "<group>";
		};
		A87D7D5A28BBE9BF001DA0AD /* View */ = {
			isa = PBXGroup;
			children = (
				A87D7D5E28BBE9EB001DA0AD /* LoginVC.swift */,
			);
			path = View;
			sourceTree = "<group>";
		};
		A87D7D6028BBED7A001DA0AD /* DefaultCells */ = {
			isa = PBXGroup;
			children = (
				A87D7D6328BBEE3E001DA0AD /* BackImgCell */,
			);
			path = DefaultCells;
			sourceTree = "<group>";
		};
		A87D7D6328BBEE3E001DA0AD /* BackImgCell */ = {
			isa = PBXGroup;
			children = (
				A87D7D6128BBEE2F001DA0AD /* BackgroundView.xib */,
				A87D7D6728BBF006001DA0AD /* BackgroundView.swift */,
			);
			path = BackImgCell;
			sourceTree = "<group>";
		};
		A87D7D6928BC4E12001DA0AD /* UpdatePass */ = {
			isa = PBXGroup;
			children = (
				A87D7D6B28BC4E2C001DA0AD /* View */,
				A87D7D6A28BC4E23001DA0AD /* Controller */,
			);
			path = UpdatePass;
			sourceTree = "<group>";
		};
		A87D7D6A28BC4E23001DA0AD /* Controller */ = {
			isa = PBXGroup;
			children = (
				A87D7D6C28BC4E3F001DA0AD /* UpdatePassController.swift */,
			);
			path = Controller;
			sourceTree = "<group>";
		};
		A87D7D6B28BC4E2C001DA0AD /* View */ = {
			isa = PBXGroup;
			children = (
				A87D7D6E28BC4E61001DA0AD /* UpdatePassVC.swift */,
			);
			path = View;
			sourceTree = "<group>";
		};
		A87D7D7228BC5404001DA0AD /* Home */ = {
			isa = PBXGroup;
			children = (
				A85C49EF28BE5EEC00764873 /* Home */,
				A85C49F328BE5F4500764873 /* Update Personal Page */,
				A85C49F028BE5F0100764873 /* Personal Page */,
			);
			path = Home;
			sourceTree = "<group>";
		};
		A87D7D7328BC5422001DA0AD /* Controller */ = {
			isa = PBXGroup;
			children = (
				A87D7D7528BC543D001DA0AD /* HomeController.swift */,
			);
			path = Controller;
			sourceTree = "<group>";
		};
		A87D7D7428BC5429001DA0AD /* View */ = {
			isa = PBXGroup;
			children = (
				A87D7D7728BC5454001DA0AD /* HomeVC.swift */,
			);
			path = View;
			sourceTree = "<group>";
		};
		CCB013FCBEF1F5160E9E89A6 /* Pods */ = {
			isa = PBXGroup;
			children = (
				C7F4EF084663FC4A09089091 /* Pods-QuranCompetitions.debug.xcconfig */,
				F01AE73307818C93CDEECC5B /* Pods-QuranCompetitions.release.xcconfig */,
			);
			name = Pods;
			path = Pods;
			sourceTree = "<group>";
		};
		E6F976C4FB9A5CEA716A5F00 /* Frameworks */ = {
			isa = PBXGroup;
			children = (
				DC5CDF9F62005DDEF7CD53DF /* Pods_QuranCompetitions.framework */,
			);
			name = Frameworks;
			sourceTree = "<group>";
		};
/* End PBXGroup section */

/* Begin PBXNativeTarget section */
		A87D7D2028BBC71E001DA0AD /* QuranCompetitions */ = {
			isa = PBXNativeTarget;
			buildConfigurationList = A87D7D3828BBC71E001DA0AD /* Build configuration list for PBXNativeTarget "QuranCompetitions" */;
			buildPhases = (
				AA7A74BEB02E022E69EDBABD /* [CP] Check Pods Manifest.lock */,
				A87D7D1D28BBC71E001DA0AD /* Sources */,
				A87D7D1E28BBC71E001DA0AD /* Frameworks */,
				A87D7D1F28BBC71E001DA0AD /* Resources */,
				715943DDA8D2F257786713B5 /* [CP] Embed Pods Frameworks */,
			);
			buildRules = (
			);
			dependencies = (
			);
			name = QuranCompetitions;
			productName = QuranCompetitions;
			productReference = A87D7D2128BBC71E001DA0AD /* QuranCompetitions.app */;
			productType = "com.apple.product-type.application";
		};
/* End PBXNativeTarget section */

/* Begin PBXProject section */
		A87D7D1928BBC71E001DA0AD /* Project object */ = {
			isa = PBXProject;
			attributes = {
				BuildIndependentTargetsInParallel = 1;
				LastSwiftUpdateCheck = 1340;
				LastUpgradeCheck = 1340;
				TargetAttributes = {
					A87D7D2028BBC71E001DA0AD = {
						CreatedOnToolsVersion = 13.4;
					};
				};
			};
			buildConfigurationList = A87D7D1C28BBC71E001DA0AD /* Build configuration list for PBXProject "QuranCompetitions" */;
			compatibilityVersion = "Xcode 13.0";
			developmentRegion = en;
			hasScannedForEncodings = 0;
			knownRegions = (
				en,
				Base,
			);
			mainGroup = A87D7D1828BBC71E001DA0AD;
			productRefGroup = A87D7D2228BBC71E001DA0AD /* Products */;
			projectDirPath = "";
			projectRoot = "";
			targets = (
				A87D7D2028BBC71E001DA0AD /* QuranCompetitions */,
			);
		};
/* End PBXProject section */

/* Begin PBXResourcesBuildPhase section */
		A87D7D1F28BBC71E001DA0AD /* Resources */ = {
			isa = PBXResourcesBuildPhase;
			buildActionMask = 2147483647;
			files = (
				A87D7D4628BBD017001DA0AD /* Auth.storyboard in Resources */,
				A87D7D6228BBEE2F001DA0AD /* BackgroundView.xib in Resources */,
				A87D7D3428BBC71E001DA0AD /* LaunchScreen.storyboard in Resources */,
				A87D7D7128BC53EC001DA0AD /* Home.storyboard in Resources */,
				A87D7D3128BBC71E001DA0AD /* Assets.xcassets in Resources */,
				A87D7D2C28BBC71E001DA0AD /* Main.storyboard in Resources */,
			);
			runOnlyForDeploymentPostprocessing = 0;
		};
/* End PBXResourcesBuildPhase section */

/* Begin PBXShellScriptBuildPhase section */
		715943DDA8D2F257786713B5 /* [CP] Embed Pods Frameworks */ = {
			isa = PBXShellScriptBuildPhase;
			buildActionMask = 2147483647;
			files = (
			);
			inputFileListPaths = (
				"${PODS_ROOT}/Target Support Files/Pods-QuranCompetitions/Pods-QuranCompetitions-frameworks-${CONFIGURATION}-input-files.xcfilelist",
			);
			name = "[CP] Embed Pods Frameworks";
			outputFileListPaths = (
				"${PODS_ROOT}/Target Support Files/Pods-QuranCompetitions/Pods-QuranCompetitions-frameworks-${CONFIGURATION}-output-files.xcfilelist",
			);
			runOnlyForDeploymentPostprocessing = 0;
			shellPath = /bin/sh;
			shellScript = "\"${PODS_ROOT}/Target Support Files/Pods-QuranCompetitions/Pods-QuranCompetitions-frameworks.sh\"\n";
			showEnvVarsInLog = 0;
		};
		AA7A74BEB02E022E69EDBABD /* [CP] Check Pods Manifest.lock */ = {
			isa = PBXShellScriptBuildPhase;
			buildActionMask = 2147483647;
			files = (
			);
			inputFileListPaths = (
			);
			inputPaths = (
				"${PODS_PODFILE_DIR_PATH}/Podfile.lock",
				"${PODS_ROOT}/Manifest.lock",
			);
			name = "[CP] Check Pods Manifest.lock";
			outputFileListPaths = (
			);
			outputPaths = (
				"$(DERIVED_FILE_DIR)/Pods-QuranCompetitions-checkManifestLockResult.txt",
			);
			runOnlyForDeploymentPostprocessing = 0;
			shellPath = /bin/sh;
			shellScript = "diff \"${PODS_PODFILE_DIR_PATH}/Podfile.lock\" \"${PODS_ROOT}/Manifest.lock\" > /dev/null\nif [ $? != 0 ] ; then\n    # print error to STDERR\n    echo \"error: The sandbox is not in sync with the Podfile.lock. Run 'pod install' or update your CocoaPods installation.\" >&2\n    exit 1\nfi\n# This output is used by Xcode 'outputs' to avoid re-running this script phase.\necho \"SUCCESS\" > \"${SCRIPT_OUTPUT_FILE_0}\"\n";
			showEnvVarsInLog = 0;
		};
/* End PBXShellScriptBuildPhase section */

/* Begin PBXSourcesBuildPhase section */
		A87D7D1D28BBC71E001DA0AD /* Sources */ = {
			isa = PBXSourcesBuildPhase;
			buildActionMask = 2147483647;
			files = (
				A85C49FD28BE60D900764873 /* UpdatePersonalPageController.swift in Sources */,
				A87D7D6F28BC4E61001DA0AD /* UpdatePassVC.swift in Sources */,
				A87D7D5D28BBE9D3001DA0AD /* LoginController.swift in Sources */,
				A87D7D5528BBE92B001DA0AD /* UIImgView.swift in Sources */,
				A85C49FB28BE603700764873 /* UpdatePersonalPageVC.swift in Sources */,
				A87D7D5F28BBE9EB001DA0AD /* LoginVC.swift in Sources */,
				A87D7D5328BBE911001DA0AD /* UIView.swift in Sources */,
				A87D7D7828BC5454001DA0AD /* HomeVC.swift in Sources */,
				A87D7D4C28BBD06D001DA0AD /* RegisterController.swift in Sources */,
				A87D7D2928BBC71E001DA0AD /* ViewController.swift in Sources */,
				A87D7D5728BBE954001DA0AD /* UIViewController.swift in Sources */,
				A87D7D6D28BC4E3F001DA0AD /* UpdatePassController.swift in Sources */,
				A87D7D2528BBC71E001DA0AD /* AppDelegate.swift in Sources */,
				A87D7D5028BBD2C0001DA0AD /* Config.swift in Sources */,
				A87D7D6828BBF006001DA0AD /* BackgroundView.swift in Sources */,
				A87D7D7628BC543D001DA0AD /* HomeController.swift in Sources */,
				A87D7D4E28BBD092001DA0AD /* RegisterVC.swift in Sources */,
				A85C49F728BE5F7300764873 /* PersonalPageVC.swift in Sources */,
				A87D7D2728BBC71E001DA0AD /* SceneDelegate.swift in Sources */,
				A87D7D2F28BBC71E001DA0AD /* QuranCompetitions.xcdatamodeld in Sources */,
				A85C49F928BE5FDE00764873 /* PersonalPageController.swift in Sources */,
			);
			runOnlyForDeploymentPostprocessing = 0;
		};
/* End PBXSourcesBuildPhase section */

/* Begin PBXVariantGroup section */
		A87D7D2A28BBC71E001DA0AD /* Main.storyboard */ = {
			isa = PBXVariantGroup;
			children = (
				A87D7D2B28BBC71E001DA0AD /* Base */,
			);
			name = Main.storyboard;
			sourceTree = "<group>";
		};
		A87D7D3228BBC71E001DA0AD /* LaunchScreen.storyboard */ = {
			isa = PBXVariantGroup;
			children = (
				A87D7D3328BBC71E001DA0AD /* Base */,
			);
			name = LaunchScreen.storyboard;
			sourceTree = "<group>";
		};
/* End PBXVariantGroup section */

/* Begin XCBuildConfiguration section */
		A87D7D3628BBC71E001DA0AD /* Debug */ = {
			isa = XCBuildConfiguration;
			buildSettings = {
				ALWAYS_SEARCH_USER_PATHS = NO;
				CLANG_ANALYZER_NONNULL = YES;
				CLANG_ANALYZER_NUMBER_OBJECT_CONVERSION = YES_AGGRESSIVE;
				CLANG_CXX_LANGUAGE_STANDARD = "gnu++17";
				CLANG_ENABLE_MODULES = YES;
				CLANG_ENABLE_OBJC_ARC = YES;
				CLANG_ENABLE_OBJC_WEAK = YES;
				CLANG_WARN_BLOCK_CAPTURE_AUTORELEASING = YES;
				CLANG_WARN_BOOL_CONVERSION = YES;
				CLANG_WARN_COMMA = YES;
				CLANG_WARN_CONSTANT_CONVERSION = YES;
				CLANG_WARN_DEPRECATED_OBJC_IMPLEMENTATIONS = YES;
				CLANG_WARN_DIRECT_OBJC_ISA_USAGE = YES_ERROR;
				CLANG_WARN_DOCUMENTATION_COMMENTS = YES;
				CLANG_WARN_EMPTY_BODY = YES;
				CLANG_WARN_ENUM_CONVERSION = YES;
				CLANG_WARN_INFINITE_RECURSION = YES;
				CLANG_WARN_INT_CONVERSION = YES;
				CLANG_WARN_NON_LITERAL_NULL_CONVERSION = YES;
				CLANG_WARN_OBJC_IMPLICIT_RETAIN_SELF = YES;
				CLANG_WARN_OBJC_LITERAL_CONVERSION = YES;
				CLANG_WARN_OBJC_ROOT_CLASS = YES_ERROR;
				CLANG_WARN_QUOTED_INCLUDE_IN_FRAMEWORK_HEADER = YES;
				CLANG_WARN_RANGE_LOOP_ANALYSIS = YES;
				CLANG_WARN_STRICT_PROTOTYPES = YES;
				CLANG_WARN_SUSPICIOUS_MOVE = YES;
				CLANG_WARN_UNGUARDED_AVAILABILITY = YES_AGGRESSIVE;
				CLANG_WARN_UNREACHABLE_CODE = YES;
				CLANG_WARN__DUPLICATE_METHOD_MATCH = YES;
				COPY_PHASE_STRIP = NO;
				DEBUG_INFORMATION_FORMAT = dwarf;
				ENABLE_STRICT_OBJC_MSGSEND = YES;
				ENABLE_TESTABILITY = YES;
				GCC_C_LANGUAGE_STANDARD = gnu11;
				GCC_DYNAMIC_NO_PIC = NO;
				GCC_NO_COMMON_BLOCKS = YES;
				GCC_OPTIMIZATION_LEVEL = 0;
				GCC_PREPROCESSOR_DEFINITIONS = (
					"DEBUG=1",
					"$(inherited)",
				);
				GCC_WARN_64_TO_32_BIT_CONVERSION = YES;
				GCC_WARN_ABOUT_RETURN_TYPE = YES_ERROR;
				GCC_WARN_UNDECLARED_SELECTOR = YES;
				GCC_WARN_UNINITIALIZED_AUTOS = YES_AGGRESSIVE;
				GCC_WARN_UNUSED_FUNCTION = YES;
				GCC_WARN_UNUSED_VARIABLE = YES;
				IPHONEOS_DEPLOYMENT_TARGET = 15.5;
				MTL_ENABLE_DEBUG_INFO = INCLUDE_SOURCE;
				MTL_FAST_MATH = YES;
				ONLY_ACTIVE_ARCH = YES;
				SDKROOT = iphoneos;
				SWIFT_ACTIVE_COMPILATION_CONDITIONS = DEBUG;
				SWIFT_OPTIMIZATION_LEVEL = "-Onone";
			};
			name = Debug;
		};
		A87D7D3728BBC71E001DA0AD /* Release */ = {
			isa = XCBuildConfiguration;
			buildSettings = {
				ALWAYS_SEARCH_USER_PATHS = NO;
				CLANG_ANALYZER_NONNULL = YES;
				CLANG_ANALYZER_NUMBER_OBJECT_CONVERSION = YES_AGGRESSIVE;
				CLANG_CXX_LANGUAGE_STANDARD = "gnu++17";
				CLANG_ENABLE_MODULES = YES;
				CLANG_ENABLE_OBJC_ARC = YES;
				CLANG_ENABLE_OBJC_WEAK = YES;
				CLANG_WARN_BLOCK_CAPTURE_AUTORELEASING = YES;
				CLANG_WARN_BOOL_CONVERSION = YES;
				CLANG_WARN_COMMA = YES;
				CLANG_WARN_CONSTANT_CONVERSION = YES;
				CLANG_WARN_DEPRECATED_OBJC_IMPLEMENTATIONS = YES;
				CLANG_WARN_DIRECT_OBJC_ISA_USAGE = YES_ERROR;
				CLANG_WARN_DOCUMENTATION_COMMENTS = YES;
				CLANG_WARN_EMPTY_BODY = YES;
				CLANG_WARN_ENUM_CONVERSION = YES;
				CLANG_WARN_INFINITE_RECURSION = YES;
				CLANG_WARN_INT_CONVERSION = YES;
				CLANG_WARN_NON_LITERAL_NULL_CONVERSION = YES;
				CLANG_WARN_OBJC_IMPLICIT_RETAIN_SELF = YES;
				CLANG_WARN_OBJC_LITERAL_CONVERSION = YES;
				CLANG_WARN_OBJC_ROOT_CLASS = YES_ERROR;
				CLANG_WARN_QUOTED_INCLUDE_IN_FRAMEWORK_HEADER = YES;
				CLANG_WARN_RANGE_LOOP_ANALYSIS = YES;
				CLANG_WARN_STRICT_PROTOTYPES = YES;
				CLANG_WARN_SUSPICIOUS_MOVE = YES;
				CLANG_WARN_UNGUARDED_AVAILABILITY = YES_AGGRESSIVE;
				CLANG_WARN_UNREACHABLE_CODE = YES;
				CLANG_WARN__DUPLICATE_METHOD_MATCH = YES;
				COPY_PHASE_STRIP = NO;
				DEBUG_INFORMATION_FORMAT = "dwarf-with-dsym";
				ENABLE_NS_ASSERTIONS = NO;
				ENABLE_STRICT_OBJC_MSGSEND = YES;
				GCC_C_LANGUAGE_STANDARD = gnu11;
				GCC_NO_COMMON_BLOCKS = YES;
				GCC_WARN_64_TO_32_BIT_CONVERSION = YES;
				GCC_WARN_ABOUT_RETURN_TYPE = YES_ERROR;
				GCC_WARN_UNDECLARED_SELECTOR = YES;
				GCC_WARN_UNINITIALIZED_AUTOS = YES_AGGRESSIVE;
				GCC_WARN_UNUSED_FUNCTION = YES;
				GCC_WARN_UNUSED_VARIABLE = YES;
				IPHONEOS_DEPLOYMENT_TARGET = 15.5;
				MTL_ENABLE_DEBUG_INFO = NO;
				MTL_FAST_MATH = YES;
				SDKROOT = iphoneos;
				SWIFT_COMPILATION_MODE = wholemodule;
				SWIFT_OPTIMIZATION_LEVEL = "-O";
				VALIDATE_PRODUCT = YES;
			};
			name = Release;
		};
		A87D7D3928BBC71E001DA0AD /* Debug */ = {
			isa = XCBuildConfiguration;
			baseConfigurationReference = C7F4EF084663FC4A09089091 /* Pods-QuranCompetitions.debug.xcconfig */;
			buildSettings = {
				ASSETCATALOG_COMPILER_APPICON_NAME = AppIcon;
				ASSETCATALOG_COMPILER_GLOBAL_ACCENT_COLOR_NAME = AccentColor;
				CODE_SIGN_STYLE = Automatic;
				CURRENT_PROJECT_VERSION = 1;
				DEVELOPMENT_TEAM = 92UAYACNLJ;
				GENERATE_INFOPLIST_FILE = YES;
				INFOPLIST_FILE = QuranCompetitions/Info.plist;
				INFOPLIST_KEY_UIApplicationSupportsIndirectInputEvents = YES;
				INFOPLIST_KEY_UILaunchStoryboardName = LaunchScreen;
				INFOPLIST_KEY_UIMainStoryboardFile = Home;
				INFOPLIST_KEY_UISupportedInterfaceOrientations_iPad = "UIInterfaceOrientationPortrait UIInterfaceOrientationPortraitUpsideDown UIInterfaceOrientationLandscapeLeft UIInterfaceOrientationLandscapeRight";
				INFOPLIST_KEY_UISupportedInterfaceOrientations_iPhone = "UIInterfaceOrientationPortrait UIInterfaceOrientationLandscapeLeft UIInterfaceOrientationLandscapeRight";
				IPHONEOS_DEPLOYMENT_TARGET = 15.0;
				LD_RUNPATH_SEARCH_PATHS = (
					"$(inherited)",
					"@executable_path/Frameworks",
				);
				MARKETING_VERSION = 1.0;
				PRODUCT_BUNDLE_IDENTIFIER = eslam.QuranCompetitions;
				PRODUCT_NAME = "$(TARGET_NAME)";
				SWIFT_EMIT_LOC_STRINGS = YES;
				SWIFT_VERSION = 5.0;
				TARGETED_DEVICE_FAMILY = "1,2";
			};
			name = Debug;
		};
		A87D7D3A28BBC71E001DA0AD /* Release */ = {
			isa = XCBuildConfiguration;
			baseConfigurationReference = F01AE73307818C93CDEECC5B /* Pods-QuranCompetitions.release.xcconfig */;
			buildSettings = {
				ASSETCATALOG_COMPILER_APPICON_NAME = AppIcon;
				ASSETCATALOG_COMPILER_GLOBAL_ACCENT_COLOR_NAME = AccentColor;
				CODE_SIGN_STYLE = Automatic;
				CURRENT_PROJECT_VERSION = 1;
				DEVELOPMENT_TEAM = 92UAYACNLJ;
				GENERATE_INFOPLIST_FILE = YES;
				INFOPLIST_FILE = QuranCompetitions/Info.plist;
				INFOPLIST_KEY_UIApplicationSupportsIndirectInputEvents = YES;
				INFOPLIST_KEY_UILaunchStoryboardName = LaunchScreen;
				INFOPLIST_KEY_UIMainStoryboardFile = Home;
				INFOPLIST_KEY_UISupportedInterfaceOrientations_iPad = "UIInterfaceOrientationPortrait UIInterfaceOrientationPortraitUpsideDown UIInterfaceOrientationLandscapeLeft UIInterfaceOrientationLandscapeRight";
				INFOPLIST_KEY_UISupportedInterfaceOrientations_iPhone = "UIInterfaceOrientationPortrait UIInterfaceOrientationLandscapeLeft UIInterfaceOrientationLandscapeRight";
				IPHONEOS_DEPLOYMENT_TARGET = 15.0;
				LD_RUNPATH_SEARCH_PATHS = (
					"$(inherited)",
					"@executable_path/Frameworks",
				);
				MARKETING_VERSION = 1.0;
				PRODUCT_BUNDLE_IDENTIFIER = eslam.QuranCompetitions;
				PRODUCT_NAME = "$(TARGET_NAME)";
				SWIFT_EMIT_LOC_STRINGS = YES;
				SWIFT_VERSION = 5.0;
				TARGETED_DEVICE_FAMILY = "1,2";
			};
			name = Release;
		};
/* End XCBuildConfiguration section */

/* Begin XCConfigurationList section */
		A87D7D1C28BBC71E001DA0AD /* Build configuration list for PBXProject "QuranCompetitions" */ = {
			isa = XCConfigurationList;
			buildConfigurations = (
				A87D7D3628BBC71E001DA0AD /* Debug */,
				A87D7D3728BBC71E001DA0AD /* Release */,
			);
			defaultConfigurationIsVisible = 0;
			defaultConfigurationName = Release;
		};
		A87D7D3828BBC71E001DA0AD /* Build configuration list for PBXNativeTarget "QuranCompetitions" */ = {
			isa = XCConfigurationList;
			buildConfigurations = (
				A87D7D3928BBC71E001DA0AD /* Debug */,
				A87D7D3A28BBC71E001DA0AD /* Release */,
			);
			defaultConfigurationIsVisible = 0;
			defaultConfigurationName = Release;
		};
/* End XCConfigurationList section */

/* Begin XCVersionGroup section */
		A87D7D2D28BBC71E001DA0AD /* QuranCompetitions.xcdatamodeld */ = {
			isa = XCVersionGroup;
			children = (
				A87D7D2E28BBC71E001DA0AD /* QuranCompetitions.xcdatamodel */,
			);
			currentVersion = A87D7D2E28BBC71E001DA0AD /* QuranCompetitions.xcdatamodel */;
			path = QuranCompetitions.xcdatamodeld;
			sourceTree = "<group>";
			versionGroupType = wrapper.xcdatamodel;
		};
/* End XCVersionGroup section */
	};
	rootObject = A87D7D1928BBC71E001DA0AD /* Project object */;
}
